{
  "name": "15_cross-browser",
  "lockfileVersion": 2,
  "requires": true,
  "packages": {
    "": {
      "dependencies": {
        "dev-ip": "^1.0.1"
      }
    },
    "node_modules/dev-ip": {
      "version": "1.0.1",
      "resolved": "https://registry.npmjs.org/dev-ip/-/dev-ip-1.0.1.tgz",
      "integrity": "sha512-LmVkry/oDShEgSZPNgqCIp2/TlqtExeGmymru3uCELnfyjY11IzpAproLYs+1X88fXO6DBoYP3ul2Xo2yz2j6A==",
      "bin": {
        "dev-ip": "lib/dev-ip.js"
      },
      "engines": {
        "node": ">= 0.8.0"
      }
    }
  },
  "dependencies": {
    "dev-ip": {
      "version": "1.0.1",
      "resolved": "https://registry.npmjs.org/dev-ip/-/dev-ip-1.0.1.tgz",
      "integrity": "sha512-LmVkry/oDShEgSZPNgqCIp2/TlqtExeGmymru3uCELnfyjY11IzpAproLYs+1X88fXO6DBoYP3ul2Xo2yz2j6A=="
    }
  }
}
